
Microsoft Visual Studio Solution File, Format Version 12.00
# Visual Studio 15
VisualStudioVersion = 15.0.28010.2046
MinimumVisualStudioVersion = 10.0.40219.1
Project("{FAE04EC0-301F-11D3-BF4B-00C04F79EFBC}") = "WebApplication3", "WebApplication3\WebApplication3.csproj", "{53ABC50A-EC6B-4649-9843-5A6DA82798EA}"
EndProject
Project("{FAE04EC0-301F-11D3-BF4B-00C04F79EFBC}") = "WebApplication3.Tests", "WebApplication3.Tests\WebApplication3.Tests.csproj", "{5C11B54E-AD42-47E7-A2CB-CD81E15F656C}"
EndProject
Global
	GlobalSection(SolutionConfigurationPlatforms) = preSolution
		Debug|Any CPU = Debug|Any CPU
		Release|Any CPU = Release|Any CPU
	EndGlobalSection
	GlobalSection(ProjectConfigurationPlatforms) = postSolution
		{53ABC50A-EC6B-4649-9843-5A6DA82798EA}.Debug|Any CPU.ActiveCfg = Debug|Any CPU
		{53ABC50A-EC6B-4649-9843-5A6DA82798EA}.Debug|Any CPU.Build.0 = Debug|Any CPU
		{53ABC50A-EC6B-4649-9843-5A6DA82798EA}.Release|Any CPU.ActiveCfg = Release|Any CPU
		{53ABC50A-EC6B-4649-9843-5A6DA82798EA}.Release|Any CPU.Build.0 = Release|Any CPU
		{5C11B54E-AD42-47E7-A2CB-CD81E15F656C}.Debug|Any CPU.ActiveCfg = Debug|Any CPU
		{5C11B54E-AD42-47E7-A2CB-CD81E15F656C}.Debug|Any CPU.Build.0 = Debug|Any CPU
		{5C11B54E-AD42-47E7-A2CB-CD81E15F656C}.Release|Any CPU.ActiveCfg = Release|Any CPU
		{5C11B54E-AD42-47E7-A2CB-CD81E15F656C}.Release|Any CPU.Build.0 = Release|Any CPU
	EndGlobalSection
	GlobalSection(SolutionProperties) = preSolution
		HideSolutionNode = FALSE
	EndGlobalSection
	GlobalSection(ExtensibilityGlobals) = postSolution
		SolutionGuid = {0078A858-8E45-42A6-B9CF-092FB931D873}
	EndGlobalSection
EndGlobal
